// !$*UTF8*$!
{
	archiveVersion = 1;
	classes = {
	};
	objectVersion = 46;
	objects = {

/* Begin PBXBuildFile section */
		0BDAF7AD188340DD00574AF9 /* Foundation.framework in Frameworks */ = {isa = PBXBuildFile; fileRef = 0BDAF7AC188340DD00574AF9 /* Foundation.framework */; };
		0BDAF7AF188340DD00574AF9 /* CoreGraphics.framework in Frameworks */ = {isa = PBXBuildFile; fileRef = 0BDAF7AE188340DD00574AF9 /* CoreGraphics.framework */; };
		0BDAF7B1188340DD00574AF9 /* UIKit.framework in Frameworks */ = {isa = PBXBuildFile; fileRef = 0BDAF7B0188340DD00574AF9 /* UIKit.framework */; };
		0BDAF7B9188340DD00574AF9 /* main.m in Sources */ = {isa = PBXBuildFile; fileRef = 0BDAF7B8188340DD00574AF9 /* main.m */; };
		0BDAF7BD188340DD00574AF9 /* TimerTestAppDelegate.m in Sources */ = {isa = PBXBuildFile; fileRef = 0BDAF7BC188340DD00574AF9 /* TimerTestAppDelegate.m */; };
		0BDAF7C6188340DD00574AF9 /* TimerTestViewController.m in Sources */ = {isa = PBXBuildFile; fileRef = 0BDAF7C5188340DD00574AF9 /* TimerTestViewController.m */; };
		0BDAF7E9188375E900574AF9 /* Main.storyboard in Resources */ = {isa = PBXBuildFile; fileRef = 0BDAF7E7188375E900574AF9 /* Main.storyboard */; };
		0BDAF7EC188377D300574AF9 /* MyLilTimer.m in Sources */ = {isa = PBXBuildFile; fileRef = 0BDAF7EB188377D300574AF9 /* MyLilTimer.m */; };
		0BDAF7EE188381B000574AF9 /* Images.xcassets in Resources */ = {isa = PBXBuildFile; fileRef = 0BDAF7ED188381B000574AF9 /* Images.xcassets */; };
/* End PBXBuildFile section */

/* Begin PBXFileReference section */
		0BDAF7A9188340DD00574AF9 /* TimerTest.app */ = {isa = PBXFileReference; explicitFileType = wrapper.application; includeInIndex = 0; path = TimerTest.app; sourceTree = BUILT_PRODUCTS_DIR; };
		0BDAF7AC188340DD00574AF9 /* Foundation.framework */ = {isa = PBXFileReference; lastKnownFileType = wrapper.framework; name = Foundation.framework; path = System/Library/Frameworks/Foundation.framework; sourceTree = SDKROOT; };
		0BDAF7AE188340DD00574AF9 /* CoreGraphics.framework */ = {isa = PBXFileReference; lastKnownFileType = wrapper.framework; name = CoreGraphics.framework; path = System/Library/Frameworks/CoreGraphics.framework; sourceTree = SDKROOT; };
		0BDAF7B0188340DD00574AF9 /* UIKit.framework */ = {isa = PBXFileReference; lastKnownFileType = wrapper.framework; name = UIKit.framework; path = System/Library/Frameworks/UIKit.framework; sourceTree = SDKROOT; };
		0BDAF7B4188340DD00574AF9 /* TimerTest-Info.plist */ = {isa = PBXFileReference; lastKnownFileType = text.plist.xml; path = "TimerTest-Info.plist"; sourceTree = "<group>"; };
		0BDAF7B8188340DD00574AF9 /* main.m */ = {isa = PBXFileReference; lastKnownFileType = sourcecode.c.objc; path = main.m; sourceTree = "<group>"; usesTabs = 0; };
		0BDAF7BB188340DD00574AF9 /* TimerTestAppDelegate.h */ = {isa = PBXFileReference; lastKnownFileType = sourcecode.c.h; path = TimerTestAppDelegate.h; sourceTree = "<group>"; };
		0BDAF7BC188340DD00574AF9 /* TimerTestAppDelegate.m */ = {isa = PBXFileReference; lastKnownFileType = sourcecode.c.objc; path = TimerTestAppDelegate.m; sourceTree = "<group>"; };
		0BDAF7C4188340DD00574AF9 /* TimerTestViewController.h */ = {isa = PBXFileReference; lastKnownFileType = sourcecode.c.h; path = TimerTestViewController.h; sourceTree = "<group>"; };
		0BDAF7C5188340DD00574AF9 /* TimerTestViewController.m */ = {isa = PBXFileReference; lastKnownFileType = sourcecode.c.objc; path = TimerTestViewController.m; sourceTree = "<group>"; };
		0BDAF7E8188375E900574AF9 /* Base */ = {isa = PBXFileReference; lastKnownFileType = file.storyboard; name = Base; path = Base.lproj/Main.storyboard; sourceTree = "<group>"; };
		0BDAF7EA188377D300574AF9 /* MyLilTimer.h */ = {isa = PBXFileReference; fileEncoding = 4; lastKnownFileType = sourcecode.c.h; path = MyLilTimer.h; sourceTree = "<group>"; };
		0BDAF7EB188377D300574AF9 /* MyLilTimer.m */ = {isa = PBXFileReference; fileEncoding = 4; lastKnownFileType = sourcecode.c.objc; path = MyLilTimer.m; sourceTree = "<group>"; };
		0BDAF7ED188381B000574AF9 /* Images.xcassets */ = {isa = PBXFileReference; lastKnownFileType = folder.assetcatalog; path = Images.xcassets; sourceTree = "<group>"; };
/* End PBXFileReference section */

/* Begin PBXFrameworksBuildPhase section */
		0BDAF7A6188340DD00574AF9 /* Frameworks */ = {
			isa = PBXFrameworksBuildPhase;
			buildActionMask = 2147483647;
			files = (
				0BDAF7AF188340DD00574AF9 /* CoreGraphics.framework in Frameworks */,
				0BDAF7B1188340DD00574AF9 /* UIKit.framework in Frameworks */,
				0BDAF7AD188340DD00574AF9 /* Foundation.framework in Frameworks */,
			);
			runOnlyForDeploymentPostprocessing = 0;
		};
/* End PBXFrameworksBuildPhase section */

/* Begin PBXGroup section */
		0BC52646188687DF00D08D9F /* MyLilTimer */ = {
			isa = PBXGroup;
			children = (
				0BDAF7EA188377D300574AF9 /* MyLilTimer.h */,
				0BDAF7EB188377D300574AF9 /* MyLilTimer.m */,
			);
			name = MyLilTimer;
			path = ../Classes;
			sourceTree = "<group>";
		};
		0BDAF7A0188340DD00574AF9 = {
			isa = PBXGroup;
			children = (
				0BC52646188687DF00D08D9F /* MyLilTimer */,
				0BDAF7B2188340DD00574AF9 /* TimerTest */,
				0BDAF7AB188340DD00574AF9 /* Frameworks */,
				0BDAF7AA188340DD00574AF9 /* Products */,
			);
			sourceTree = "<group>";
			usesTabs = 0;
		};
		0BDAF7AA188340DD00574AF9 /* Products */ = {
			isa = PBXGroup;
			children = (
				0BDAF7A9188340DD00574AF9 /* TimerTest.app */,
			);
			name = Products;
			sourceTree = "<group>";
		};
		0BDAF7AB188340DD00574AF9 /* Frameworks */ = {
			isa = PBXGroup;
			children = (
				0BDAF7AC188340DD00574AF9 /* Foundation.framework */,
				0BDAF7AE188340DD00574AF9 /* CoreGraphics.framework */,
				0BDAF7B0188340DD00574AF9 /* UIKit.framework */,
			);
			name = Frameworks;
			sourceTree = "<group>";
		};
		0BDAF7B2188340DD00574AF9 /* TimerTest */ = {
			isa = PBXGroup;
			children = (
				0BDAF7BB188340DD00574AF9 /* TimerTestAppDelegate.h */,
				0BDAF7BC188340DD00574AF9 /* TimerTestAppDelegate.m */,
				0BDAF7C4188340DD00574AF9 /* TimerTestViewController.h */,
				0BDAF7C5188340DD00574AF9 /* TimerTestViewController.m */,
				0BDAF7E7188375E900574AF9 /* Main.storyboard */,
				0BDAF7ED188381B000574AF9 /* Images.xcassets */,
				0BDAF7B3188340DD00574AF9 /* Supporting Files */,
			);
			path = TimerTest;
			sourceTree = "<group>";
		};
		0BDAF7B3188340DD00574AF9 /* Supporting Files */ = {
			isa = PBXGroup;
			children = (
				0BDAF7B4188340DD00574AF9 /* TimerTest-Info.plist */,
				0BDAF7B8188340DD00574AF9 /* main.m */,
			);
			name = "Supporting Files";
			sourceTree = "<group>";
		};
/* End PBXGroup section */

/* Begin PBXNativeTarget section */
		0BDAF7A8188340DD00574AF9 /* TimerTest */ = {
			isa = PBXNativeTarget;
			buildConfigurationList = 0BDAF7DE188340DD00574AF9 /* Build configuration list for PBXNativeTarget "TimerTest" */;
			buildPhases = (
				0BDAF7A5188340DD00574AF9 /* Sources */,
				0BDAF7A6188340DD00574AF9 /* Frameworks */,
				0BDAF7A7188340DD00574AF9 /* Resources */,
			);
			buildRules = (
			);
			dependencies = (
			);
			name = TimerTest;
			productName = TimerTest;
			productReference = 0BDAF7A9188340DD00574AF9 /* TimerTest.app */;
			productType = "com.apple.product-type.application";
		};
/* End PBXNativeTarget section */

/* Begin PBXProject section */
		0BDAF7A1188340DD00574AF9 /* Project object */ = {
			isa = PBXProject;
			attributes = {
				CLASSPREFIX = TimerTest;
				LastUpgradeCheck = 0510;
				ORGANIZATIONNAME = "Jonathon Mah";
			};
			buildConfigurationList = 0BDAF7A4188340DD00574AF9 /* Build configuration list for PBXProject "TimerTest" */;
			compatibilityVersion = "Xcode 3.2";
			developmentRegion = English;
			hasScannedForEncodings = 0;
			knownRegions = (
				en,
				Base,
			);
			mainGroup = 0BDAF7A0188340DD00574AF9;
			productRefGroup = 0BDAF7AA188340DD00574AF9 /* Products */;
			projectDirPath = "";
			projectRoot = "";
			targets = (
				0BDAF7A8188340DD00574AF9 /* TimerTest */,
			);
		};
/* End PBXProject section */

/* Begin PBXResourcesBuildPhase section */
		0BDAF7A7188340DD00574AF9 /* Resources */ = {
			isa = PBXResourcesBuildPhase;
			buildActionMask = 2147483647;
			files = (
				0BDAF7E9188375E900574AF9 /* Main.storyboard in Resources */,
				0BDAF7EE188381B000574AF9 /* Images.xcassets in Resources */,
			);
			runOnlyForDeploymentPostprocessing = 0;
		};
/* End PBXResourcesBuildPhase section */

/* Begin PBXSourcesBuildPhase section */
		0BDAF7A5188340DD00574AF9 /* Sources */ = {
			isa = PBXSourcesBuildPhase;
			buildActionMask = 2147483647;
			files = (
				0BDAF7BD188340DD00574AF9 /* TimerTestAppDelegate.m in Sources */,
				0BDAF7B9188340DD00574AF9 /* main.m in Sources */,
				0BDAF7C6188340DD00574AF9 /* TimerTestViewController.m in Sources */,
				0BDAF7EC188377D300574AF9 /* MyLilTimer.m in Sources */,
			);
			runOnlyForDeploymentPostprocessing = 0;
		};
/* End PBXSourcesBuildPhase section */

/* Begin PBXVariantGroup section */
		0BDAF7E7188375E900574AF9 /* Main.storyboard */ = {
			isa = PBXVariantGroup;
			children = (
				0BDAF7E8188375E900574AF9 /* Base */,
			);
			name = Main.storyboard;
			sourceTree = "<group>";
		};
/* End PBXVariantGroup section */

/* Begin XCBuildConfiguration section */
		0BDAF7DC188340DD00574AF9 /* Debug */ = {
			isa = XCBuildConfiguration;
			buildSettings = {
				ALWAYS_SEARCH_USER_PATHS = NO;
				ARCHS = "$(ARCHS_STANDARD_INCLUDING_64_BIT)";
				CLANG_CXX_LANGUAGE_STANDARD = "gnu++0x";
				CLANG_CXX_LIBRARY = "libc++";
				CLANG_ENABLE_MODULES = YES;
				CLANG_ENABLE_OBJC_ARC = YES;
				CLANG_WARN_BOOL_CONVERSION = YES;
				CLANG_WARN_CONSTANT_CONVERSION = YES;
				CLANG_WARN_DIRECT_OBJC_ISA_USAGE = YES_ERROR;
				CLANG_WARN_DOCUMENTATION_COMMENTS = YES;
				CLANG_WARN_EMPTY_BODY = YES;
				CLANG_WARN_ENUM_CONVERSION = YES;
				CLANG_WARN_INT_CONVERSION = YES;
				CLANG_WARN_OBJC_ROOT_CLASS = YES_ERROR;
				CLANG_WARN__DUPLICATE_METHOD_MATCH = YES;
				"CODE_SIGN_IDENTITY[sdk=iphoneos*]" = "iPhone Developer";
				COPY_PHASE_STRIP = NO;
				GCC_C_LANGUAGE_STANDARD = gnu99;
				GCC_DYNAMIC_NO_PIC = NO;
				GCC_OPTIMIZATION_LEVEL = 0;
				GCC_PREPROCESSOR_DEFINITIONS = (
					"DEBUG=1",
					"$(inherited)",
				);
				GCC_SYMBOLS_PRIVATE_EXTERN = NO;
				GCC_WARN_64_TO_32_BIT_CONVERSION = YES;
				GCC_WARN_ABOUT_RETURN_TYPE = YES_ERROR;
				GCC_WARN_UNDECLARED_SELECTOR = YES;
				GCC_WARN_UNINITIALIZED_AUTOS = YES_AGGRESSIVE;
				GCC_WARN_UNUSED_FUNCTION = YES;
				GCC_WARN_UNUSED_VARIABLE = YES;
				IPHONEOS_DEPLOYMENT_TARGET = 6.1;
				ONLY_ACTIVE_ARCH = YES;
				SDKROOT = iphoneos;
				TARGETED_DEVICE_FAMILY = "1,2";
			};
			name = Debug;
		};
		0BDAF7DD188340DD00574AF9 /* Release */ = {
			isa = XCBuildConfiguration;
			buildSettings = {
				ALWAYS_SEARCH_USER_PATHS = NO;
				ARCHS = "$(ARCHS_STANDARD_INCLUDING_64_BIT)";
				CLANG_CXX_LANGUAGE_STANDARD = "gnu++0x";
				CLANG_CXX_LIBRARY = "libc++";
				CLANG_ENABLE_MODULES = YES;
				CLANG_ENABLE_OBJC_ARC = YES;
				CLANG_WARN_BOOL_CONVERSION = YES;
				CLANG_WARN_CONSTANT_CONVERSION = YES;
				CLANG_WARN_DIRECT_OBJC_ISA_USAGE = YES_ERROR;
				CLANG_WARN_DOCUMENTATION_COMMENTS = YES;
				CLANG_WARN_EMPTY_BODY = YES;
				CLANG_WARN_ENUM_CONVERSION = YES;
				CLANG_WARN_INT_CONVERSION = YES;
				CLANG_WARN_OBJC_ROOT_CLASS = YES_ERROR;
				CLANG_WARN__DUPLICATE_METHOD_MATCH = YES;
				"CODE_SIGN_IDENTITY[sdk=iphoneos*]" = "iPhone Developer";
				COPY_PHASE_STRIP = YES;
				ENABLE_NS_ASSERTIONS = NO;
				GCC_C_LANGUAGE_STANDARD = gnu99;
				GCC_WARN_64_TO_32_BIT_CONVERSION = YES;
				GCC_WARN_ABOUT_RETURN_TYPE = YES_ERROR;
				GCC_WARN_UNDECLARED_SELECTOR = YES;
				GCC_WARN_UNINITIALIZED_AUTOS = YES_AGGRESSIVE;
				GCC_WARN_UNUSED_FUNCTION = YES;
				GCC_WARN_UNUSED_VARIABLE = YES;
				IPHONEOS_DEPLOYMENT_TARGET = 6.1;
				SDKROOT = iphoneos;
				TARGETED_DEVICE_FAMILY = "1,2";
				VALIDATE_PRODUCT = YES;
			};
			name = Release;
		};
		0BDAF7DF188340DD00574AF9 /* Debug */ = {
			isa = XCBuildConfiguration;
			buildSettings = {
				ASSETCATALOG_COMPILER_APPICON_NAME = AppIcon;
				ASSETCATALOG_COMPILER_LAUNCHIMAGE_NAME = LaunchImage;
				INFOPLIST_FILE = "TimerTest/TimerTest-Info.plist";
				PRODUCT_NAME = "$(TARGET_NAME)";
				WRAPPER_EXTENSION = app;
			};
			name = Debug;
		};
		0BDAF7E0188340DD00574AF9 /* Release */ = {
			isa = XCBuildConfiguration;
			buildSettings = {
				ASSETCATALOG_COMPILER_APPICON_NAME = AppIcon;
				ASSETCATALOG_COMPILER_LAUNCHIMAGE_NAME = LaunchImage;
				INFOPLIST_FILE = "TimerTest/TimerTest-Info.plist";
				PRODUCT_NAME = "$(TARGET_NAME)";
				WRAPPER_EXTENSION = app;
			};
			name = Release;
		};
/* End XCBuildConfiguration section */

/* Begin XCConfigurationList section */
		0BDAF7A4188340DD00574AF9 /* Build configuration list for PBXProject "TimerTest" */ = {
			isa = XCConfigurationList;
			buildConfigurations = (
				0BDAF7DC188340DD00574AF9 /* Debug */,
				0BDAF7DD188340DD00574AF9 /* Release */,
			);
			defaultConfigurationIsVisible = 0;
			defaultConfigurationName = Release;
		};
		0BDAF7DE188340DD00574AF9 /* Build configuration list for PBXNativeTarget "TimerTest" */ = {
			isa = XCConfigurationList;
			buildConfigurations = (
				0BDAF7DF188340DD00574AF9 /* Debug */,
				0BDAF7E0188340DD00574AF9 /* Release */,
			);
			defaultConfigurationIsVisible = 0;
			defaultConfigurationName = Release;
		};
/* End XCConfigurationList section */
	};
	rootObject = 0BDAF7A1188340DD00574AF9 /* Project object */;
}
